
Microsoft Visual Studio Solution File, Format Version 12.00
# Visual Studio 2012
Project("{f2a71f9b-5d33-465a-a702-920d77279786}") = "Android", "android\hello-android\Android.fsproj", "{81CAB45C-743C-49F3-BD51-B5B165D69364}"
EndProject
Project("{f2a71f9b-5d33-465a-a702-920d77279786}") = "iOS", "iOS\Hello\iOS.fsproj", "{DA2F2D49-65AD-45EC-98E2-B45D76172090}"
EndProject
Project("{f2a71f9b-5d33-465a-a702-920d77279786}") = "Android.Lib", "Android.Lib\Android.Lib.fsproj", "{2087AF6A-CEDF-4308-A698-C2DA39A20450}"
EndProject
Project("{f2a71f9b-5d33-465a-a702-920d77279786}") = "iOS.Lib", "iOS.Lib\iOS.Lib.fsproj", "{A34F737F-3ED6-48B4-9661-A6EFA3C97A7A}"
EndProject
Project("{f2a71f9b-5d33-465a-a702-920d77279786}") = "AndroidTest", "AndroidTest\AndroidTest.fsproj", "{7C89EFB4-F2D5-4788-9A82-3AA8197AB994}"
EndProject
Project("{f2a71f9b-5d33-465a-a702-920d77279786}") = "iOSTest", "iOSTest\iOSTest.fsproj", "{405C5399-2051-4768-A92E-8BAA6B2B4662}"
EndProject
Global
	GlobalSection(SolutionConfigurationPlatforms) = preSolution
		Debug|Any CPU = Debug|Any CPU
		Release|Any CPU = Release|Any CPU
		Debug|iPhoneSimulator = Debug|iPhoneSimulator
		Release|iPhoneSimulator = Release|iPhoneSimulator
		Debug|iPhone = Debug|iPhone
		Release|iPhone = Release|iPhone
		Ad-Hoc|iPhone = Ad-Hoc|iPhone
		AppStore|iPhone = AppStore|iPhone
	EndGlobalSection
	GlobalSection(ProjectConfigurationPlatforms) = postSolution
		{2087AF6A-CEDF-4308-A698-C2DA39A20450}.Ad-Hoc|iPhone.ActiveCfg = Debug|Any CPU
		{2087AF6A-CEDF-4308-A698-C2DA39A20450}.Ad-Hoc|iPhone.Build.0 = Debug|Any CPU
		{2087AF6A-CEDF-4308-A698-C2DA39A20450}.AppStore|iPhone.ActiveCfg = Debug|Any CPU
		{2087AF6A-CEDF-4308-A698-C2DA39A20450}.AppStore|iPhone.Build.0 = Debug|Any CPU
		{2087AF6A-CEDF-4308-A698-C2DA39A20450}.Debug|Any CPU.ActiveCfg = Debug|Any CPU
		{2087AF6A-CEDF-4308-A698-C2DA39A20450}.Debug|Any CPU.Build.0 = Debug|Any CPU
		{2087AF6A-CEDF-4308-A698-C2DA39A20450}.Debug|iPhone.ActiveCfg = Debug|Any CPU
		{2087AF6A-CEDF-4308-A698-C2DA39A20450}.Debug|iPhone.Build.0 = Debug|Any CPU
		{2087AF6A-CEDF-4308-A698-C2DA39A20450}.Debug|iPhoneSimulator.ActiveCfg = Debug|Any CPU
		{2087AF6A-CEDF-4308-A698-C2DA39A20450}.Debug|iPhoneSimulator.Build.0 = Debug|Any CPU
		{2087AF6A-CEDF-4308-A698-C2DA39A20450}.Release|Any CPU.ActiveCfg = Release|Any CPU
		{2087AF6A-CEDF-4308-A698-C2DA39A20450}.Release|Any CPU.Build.0 = Release|Any CPU
		{2087AF6A-CEDF-4308-A698-C2DA39A20450}.Release|iPhone.ActiveCfg = Release|Any CPU
		{2087AF6A-CEDF-4308-A698-C2DA39A20450}.Release|iPhone.Build.0 = Release|Any CPU
		{2087AF6A-CEDF-4308-A698-C2DA39A20450}.Release|iPhoneSimulator.ActiveCfg = Release|Any CPU
		{2087AF6A-CEDF-4308-A698-C2DA39A20450}.Release|iPhoneSimulator.Build.0 = Release|Any CPU
		{405C5399-2051-4768-A92E-8BAA6B2B4662}.Ad-Hoc|iPhone.ActiveCfg = Ad-Hoc|iPhone
		{405C5399-2051-4768-A92E-8BAA6B2B4662}.Ad-Hoc|iPhone.Build.0 = Ad-Hoc|iPhone
		{405C5399-2051-4768-A92E-8BAA6B2B4662}.AppStore|iPhone.ActiveCfg = AppStore|iPhone
		{405C5399-2051-4768-A92E-8BAA6B2B4662}.AppStore|iPhone.Build.0 = AppStore|iPhone
		{405C5399-2051-4768-A92E-8BAA6B2B4662}.Debug|Any CPU.ActiveCfg = Debug|iPhoneSimulator
		{405C5399-2051-4768-A92E-8BAA6B2B4662}.Debug|Any CPU.Build.0 = Debug|iPhoneSimulator
		{405C5399-2051-4768-A92E-8BAA6B2B4662}.Debug|iPhone.ActiveCfg = Debug|iPhone
		{405C5399-2051-4768-A92E-8BAA6B2B4662}.Debug|iPhone.Build.0 = Debug|iPhone
		{405C5399-2051-4768-A92E-8BAA6B2B4662}.Debug|iPhoneSimulator.ActiveCfg = Debug|iPhoneSimulator
		{405C5399-2051-4768-A92E-8BAA6B2B4662}.Debug|iPhoneSimulator.Build.0 = Debug|iPhoneSimulator
		{405C5399-2051-4768-A92E-8BAA6B2B4662}.Release|Any CPU.ActiveCfg = Release|iPhoneSimulator
		{405C5399-2051-4768-A92E-8BAA6B2B4662}.Release|Any CPU.Build.0 = Release|iPhoneSimulator
		{405C5399-2051-4768-A92E-8BAA6B2B4662}.Release|iPhone.ActiveCfg = Release|iPhone
		{405C5399-2051-4768-A92E-8BAA6B2B4662}.Release|iPhone.Build.0 = Release|iPhone
		{405C5399-2051-4768-A92E-8BAA6B2B4662}.Release|iPhoneSimulator.ActiveCfg = Release|iPhoneSimulator
		{405C5399-2051-4768-A92E-8BAA6B2B4662}.Release|iPhoneSimulator.Build.0 = Release|iPhoneSimulator
		{7C89EFB4-F2D5-4788-9A82-3AA8197AB994}.Ad-Hoc|iPhone.ActiveCfg = Debug|Any CPU
		{7C89EFB4-F2D5-4788-9A82-3AA8197AB994}.Ad-Hoc|iPhone.Build.0 = Debug|Any CPU
		{7C89EFB4-F2D5-4788-9A82-3AA8197AB994}.AppStore|iPhone.ActiveCfg = Debug|Any CPU
		{7C89EFB4-F2D5-4788-9A82-3AA8197AB994}.AppStore|iPhone.Build.0 = Debug|Any CPU
		{7C89EFB4-F2D5-4788-9A82-3AA8197AB994}.Debug|Any CPU.ActiveCfg = Debug|Any CPU
		{7C89EFB4-F2D5-4788-9A82-3AA8197AB994}.Debug|Any CPU.Build.0 = Debug|Any CPU
		{7C89EFB4-F2D5-4788-9A82-3AA8197AB994}.Debug|iPhone.ActiveCfg = Debug|Any CPU
		{7C89EFB4-F2D5-4788-9A82-3AA8197AB994}.Debug|iPhone.Build.0 = Debug|Any CPU
		{7C89EFB4-F2D5-4788-9A82-3AA8197AB994}.Debug|iPhoneSimulator.ActiveCfg = Debug|Any CPU
		{7C89EFB4-F2D5-4788-9A82-3AA8197AB994}.Debug|iPhoneSimulator.Build.0 = Debug|Any CPU
		{7C89EFB4-F2D5-4788-9A82-3AA8197AB994}.Release|Any CPU.ActiveCfg = Release|Any CPU
		{7C89EFB4-F2D5-4788-9A82-3AA8197AB994}.Release|Any CPU.Build.0 = Release|Any CPU
		{7C89EFB4-F2D5-4788-9A82-3AA8197AB994}.Release|iPhone.ActiveCfg = Release|Any CPU
		{7C89EFB4-F2D5-4788-9A82-3AA8197AB994}.Release|iPhone.Build.0 = Release|Any CPU
		{7C89EFB4-F2D5-4788-9A82-3AA8197AB994}.Release|iPhoneSimulator.ActiveCfg = Release|Any CPU
		{7C89EFB4-F2D5-4788-9A82-3AA8197AB994}.Release|iPhoneSimulator.Build.0 = Release|Any CPU
		{81CAB45C-743C-49F3-BD51-B5B165D69364}.Ad-Hoc|iPhone.ActiveCfg = Debug|Any CPU
		{81CAB45C-743C-49F3-BD51-B5B165D69364}.Ad-Hoc|iPhone.Build.0 = Debug|Any CPU
		{81CAB45C-743C-49F3-BD51-B5B165D69364}.AppStore|iPhone.ActiveCfg = Debug|Any CPU
		{81CAB45C-743C-49F3-BD51-B5B165D69364}.AppStore|iPhone.Build.0 = Debug|Any CPU
		{81CAB45C-743C-49F3-BD51-B5B165D69364}.Debug|Any CPU.ActiveCfg = Debug|Any CPU
		{81CAB45C-743C-49F3-BD51-B5B165D69364}.Debug|Any CPU.Build.0 = Debug|Any CPU
		{81CAB45C-743C-49F3-BD51-B5B165D69364}.Debug|iPhone.ActiveCfg = Debug|Any CPU
		{81CAB45C-743C-49F3-BD51-B5B165D69364}.Debug|iPhone.Build.0 = Debug|Any CPU
		{81CAB45C-743C-49F3-BD51-B5B165D69364}.Debug|iPhoneSimulator.ActiveCfg = Debug|Any CPU
		{81CAB45C-743C-49F3-BD51-B5B165D69364}.Debug|iPhoneSimulator.Build.0 = Debug|Any CPU
		{81CAB45C-743C-49F3-BD51-B5B165D69364}.Release|Any CPU.ActiveCfg = Release|Any CPU
		{81CAB45C-743C-49F3-BD51-B5B165D69364}.Release|Any CPU.Build.0 = Release|Any CPU
		{81CAB45C-743C-49F3-BD51-B5B165D69364}.Release|iPhone.ActiveCfg = Release|Any CPU
		{81CAB45C-743C-49F3-BD51-B5B165D69364}.Release|iPhone.Build.0 = Release|Any CPU
		{81CAB45C-743C-49F3-BD51-B5B165D69364}.Release|iPhoneSimulator.ActiveCfg = Release|Any CPU
		{81CAB45C-743C-49F3-BD51-B5B165D69364}.Release|iPhoneSimulator.Build.0 = Release|Any CPU
		{A34F737F-3ED6-48B4-9661-A6EFA3C97A7A}.Ad-Hoc|iPhone.ActiveCfg = Debug|Any CPU
		{A34F737F-3ED6-48B4-9661-A6EFA3C97A7A}.Ad-Hoc|iPhone.Build.0 = Debug|Any CPU
		{A34F737F-3ED6-48B4-9661-A6EFA3C97A7A}.AppStore|iPhone.ActiveCfg = Debug|Any CPU
		{A34F737F-3ED6-48B4-9661-A6EFA3C97A7A}.AppStore|iPhone.Build.0 = Debug|Any CPU
		{A34F737F-3ED6-48B4-9661-A6EFA3C97A7A}.Debug|Any CPU.ActiveCfg = Debug|Any CPU
		{A34F737F-3ED6-48B4-9661-A6EFA3C97A7A}.Debug|Any CPU.Build.0 = Debug|Any CPU
		{A34F737F-3ED6-48B4-9661-A6EFA3C97A7A}.Debug|iPhone.ActiveCfg = Debug|Any CPU
		{A34F737F-3ED6-48B4-9661-A6EFA3C97A7A}.Debug|iPhone.Build.0 = Debug|Any CPU
		{A34F737F-3ED6-48B4-9661-A6EFA3C97A7A}.Debug|iPhoneSimulator.ActiveCfg = Debug|Any CPU
		{A34F737F-3ED6-48B4-9661-A6EFA3C97A7A}.Debug|iPhoneSimulator.Build.0 = Debug|Any CPU
		{A34F737F-3ED6-48B4-9661-A6EFA3C97A7A}.Release|Any CPU.ActiveCfg = Release|Any CPU
		{A34F737F-3ED6-48B4-9661-A6EFA3C97A7A}.Release|Any CPU.Build.0 = Release|Any CPU
		{A34F737F-3ED6-48B4-9661-A6EFA3C97A7A}.Release|iPhone.ActiveCfg = Release|Any CPU
		{A34F737F-3ED6-48B4-9661-A6EFA3C97A7A}.Release|iPhone.Build.0 = Release|Any CPU
		{A34F737F-3ED6-48B4-9661-A6EFA3C97A7A}.Release|iPhoneSimulator.ActiveCfg = Release|Any CPU
		{A34F737F-3ED6-48B4-9661-A6EFA3C97A7A}.Release|iPhoneSimulator.Build.0 = Release|Any CPU
		{DA2F2D49-65AD-45EC-98E2-B45D76172090}.Ad-Hoc|iPhone.ActiveCfg = Ad-Hoc|iPhone
		{DA2F2D49-65AD-45EC-98E2-B45D76172090}.Ad-Hoc|iPhone.Build.0 = Ad-Hoc|iPhone
		{DA2F2D49-65AD-45EC-98E2-B45D76172090}.AppStore|iPhone.ActiveCfg = AppStore|iPhone
		{DA2F2D49-65AD-45EC-98E2-B45D76172090}.AppStore|iPhone.Build.0 = AppStore|iPhone
		{DA2F2D49-65AD-45EC-98E2-B45D76172090}.Debug|Any CPU.ActiveCfg = Debug|iPhoneSimulator
		{DA2F2D49-65AD-45EC-98E2-B45D76172090}.Debug|Any CPU.Build.0 = Debug|iPhoneSimulator
		{DA2F2D49-65AD-45EC-98E2-B45D76172090}.Debug|iPhone.ActiveCfg = Debug|iPhone
		{DA2F2D49-65AD-45EC-98E2-B45D76172090}.Debug|iPhone.Build.0 = Debug|iPhone
		{DA2F2D49-65AD-45EC-98E2-B45D76172090}.Debug|iPhoneSimulator.ActiveCfg = Debug|iPhoneSimulator
		{DA2F2D49-65AD-45EC-98E2-B45D76172090}.Debug|iPhoneSimulator.Build.0 = Debug|iPhoneSimulator
		{DA2F2D49-65AD-45EC-98E2-B45D76172090}.Release|Any CPU.ActiveCfg = Release|iPhoneSimulator
		{DA2F2D49-65AD-45EC-98E2-B45D76172090}.Release|Any CPU.Build.0 = Release|iPhoneSimulator
		{DA2F2D49-65AD-45EC-98E2-B45D76172090}.Release|iPhone.ActiveCfg = Release|iPhone
		{DA2F2D49-65AD-45EC-98E2-B45D76172090}.Release|iPhone.Build.0 = Release|iPhone
		{DA2F2D49-65AD-45EC-98E2-B45D76172090}.Release|iPhoneSimulator.ActiveCfg = Release|iPhoneSimulator
		{DA2F2D49-65AD-45EC-98E2-B45D76172090}.Release|iPhoneSimulator.Build.0 = Release|iPhoneSimulator
	EndGlobalSection
EndGlobal
